{
  "name": "tsev-monorepo",
  "lockfileVersion": 2,
  "requires": true,
  "packages": {
    "": {
      "workspaces": [
        "packages/app",
        "packages/i18n"
      ],
      "dependencies": {
        "typescript": "^5.2.2"
      }
    },
    "node_modules/@mono/app": {
      "resolved": "packages/app",
      "link": true
    },
    "node_modules/@mono/i18n": {
      "resolved": "packages/i18n",
      "link": true
    },
    "node_modules/typescript": {
      "version": "5.2.2",
      "resolved": "https://registry.npmjs.org/typescript/-/typescript-5.2.2.tgz",
      "integrity": "sha512-mI4WrpHsbCIcwT9cF4FZvr80QUeKvsUsUvKDoR+X/7XHQH98xYD8YHZg7ANtz2GtZt/CBq2QJ0thkGJMHfqc1w==",
      "bin": {
        "tsc": "bin/tsc",
        "tsserver": "bin/tsserver"
      },
      "engines": {
        "node": ">=14.17"
      }
    },
    "packages/app": {
      "name": "@mono/app"
    },
    "packages/i18n": {
      "name": "@mono/i18n"
    }
  },
  "dependencies": {
    "@mono/app": {
      "version": "file:packages/app"
    },
    "@mono/i18n": {
      "version": "file:packages/i18n"
    },
    "typescript": {
      "version": "5.2.2",
      "resolved": "https://registry.npmjs.org/typescript/-/typescript-5.2.2.tgz",
      "integrity": "sha512-mI4WrpHsbCIcwT9cF4FZvr80QUeKvsUsUvKDoR+X/7XHQH98xYD8YHZg7ANtz2GtZt/CBq2QJ0thkGJMHfqc1w=="
    }
  }
}
